
Microsoft Visual Studio Solution File, Format Version 12.00
# Visual Studio Version 16
VisualStudioVersion = 16.0.30011.22
MinimumVisualStudioVersion = 10.0.40219.1
Project("{FAE04EC0-301F-11D3-BF4B-00C04F79EFBC}") = "Autry.DfsMovieDb", "Autry.DfsMovieDb\Autry.DfsMovieDb.csproj", "{A23ACD65-4DE7-4230-BA47-DB7D3836B480}"
EndProject
Project("{FAE04EC0-301F-11D3-BF4B-00C04F79EFBC}") = "Autry.DfsMovieDb.Tests", "Autry.DfsMovieDb.Tests\Autry.DfsMovieDb.Tests.csproj", "{AD71A49B-FFB4-4A45-97C2-E52921EE9B58}"
EndProject
Global
	GlobalSection(SolutionConfigurationPlatforms) = preSolution
		Debug|Any CPU = Debug|Any CPU
		Release|Any CPU = Release|Any CPU
	EndGlobalSection
	GlobalSection(ProjectConfigurationPlatforms) = postSolution
		{A23ACD65-4DE7-4230-BA47-DB7D3836B480}.Debug|Any CPU.ActiveCfg = Debug|Any CPU
		{A23ACD65-4DE7-4230-BA47-DB7D3836B480}.Debug|Any CPU.Build.0 = Debug|Any CPU
		{A23ACD65-4DE7-4230-BA47-DB7D3836B480}.Release|Any CPU.ActiveCfg = Release|Any CPU
		{A23ACD65-4DE7-4230-BA47-DB7D3836B480}.Release|Any CPU.Build.0 = Release|Any CPU
		{AD71A49B-FFB4-4A45-97C2-E52921EE9B58}.Debug|Any CPU.ActiveCfg = Debug|Any CPU
		{AD71A49B-FFB4-4A45-97C2-E52921EE9B58}.Debug|Any CPU.Build.0 = Debug|Any CPU
		{AD71A49B-FFB4-4A45-97C2-E52921EE9B58}.Release|Any CPU.ActiveCfg = Release|Any CPU
		{AD71A49B-FFB4-4A45-97C2-E52921EE9B58}.Release|Any CPU.Build.0 = Release|Any CPU
	EndGlobalSection
	GlobalSection(SolutionProperties) = preSolution
		HideSolutionNode = FALSE
	EndGlobalSection
	GlobalSection(ExtensibilityGlobals) = postSolution
		SolutionGuid = {73CAC113-71B5-443C-B7F3-E90F58021EFC}
	EndGlobalSection
EndGlobal
